
Microsoft Visual Studio Solution File, Format Version 12.00
# Visual Studio Version 16
VisualStudioVersion = 16.0.29911.84
MinimumVisualStudioVersion = 10.0.40219.1
Project("{9A19103F-16F7-4668-BE54-9A1E7A4F7556}") = "GameSource", "GameSource.csproj", "{FA444A02-4EF1-4A62-835E-6155238FC397}"
EndProject
Project("{9A19103F-16F7-4668-BE54-9A1E7A4F7556}") = "GameSource.Data", "..\GameSource.Data\GameSource.Data.csproj", "{F13E3BE9-FD34-4A35-B9CE-A582F95437AA}"
EndProject
Project("{9A19103F-16F7-4668-BE54-9A1E7A4F7556}") = "GameSource.Services", "..\GameSource.Services\GameSource.Services.csproj", "{20347067-06C0-4BC3-B8FD-CA9654F629A3}"
EndProject
Project("{9A19103F-16F7-4668-BE54-9A1E7A4F7556}") = "GameSource.Models", "..\GameSource.Models\GameSource.Models.csproj", "{5D3AB010-A9E5-4567-86ED-969C46502A07}"
EndProject
Project("{9A19103F-16F7-4668-BE54-9A1E7A4F7556}") = "GameSource.Tests", "..\GameSource.Tests\GameSource.Tests.csproj", "{827C28D6-F0E0-430D-8B3B-4D2917063993}"
EndProject
Project("{FAE04EC0-301F-11D3-BF4B-00C04F79EFBC}") = "GameSource.API", "..\GameSource.API\GameSource.API.csproj", "{DA5F1867-3DB5-4846-A5D8-AB3A9D24FE40}"
EndProject
Global
	GlobalSection(SolutionConfigurationPlatforms) = preSolution
		Debug|Any CPU = Debug|Any CPU
		Release|Any CPU = Release|Any CPU
	EndGlobalSection
	GlobalSection(ProjectConfigurationPlatforms) = postSolution
		{FA444A02-4EF1-4A62-835E-6155238FC397}.Debug|Any CPU.ActiveCfg = Debug|Any CPU
		{FA444A02-4EF1-4A62-835E-6155238FC397}.Debug|Any CPU.Build.0 = Debug|Any CPU
		{FA444A02-4EF1-4A62-835E-6155238FC397}.Release|Any CPU.ActiveCfg = Release|Any CPU
		{FA444A02-4EF1-4A62-835E-6155238FC397}.Release|Any CPU.Build.0 = Release|Any CPU
		{F13E3BE9-FD34-4A35-B9CE-A582F95437AA}.Debug|Any CPU.ActiveCfg = Debug|Any CPU
		{F13E3BE9-FD34-4A35-B9CE-A582F95437AA}.Debug|Any CPU.Build.0 = Debug|Any CPU
		{F13E3BE9-FD34-4A35-B9CE-A582F95437AA}.Release|Any CPU.ActiveCfg = Release|Any CPU
		{F13E3BE9-FD34-4A35-B9CE-A582F95437AA}.Release|Any CPU.Build.0 = Release|Any CPU
		{20347067-06C0-4BC3-B8FD-CA9654F629A3}.Debug|Any CPU.ActiveCfg = Debug|Any CPU
		{20347067-06C0-4BC3-B8FD-CA9654F629A3}.Debug|Any CPU.Build.0 = Debug|Any CPU
		{20347067-06C0-4BC3-B8FD-CA9654F629A3}.Release|Any CPU.ActiveCfg = Release|Any CPU
		{20347067-06C0-4BC3-B8FD-CA9654F629A3}.Release|Any CPU.Build.0 = Release|Any CPU
		{5D3AB010-A9E5-4567-86ED-969C46502A07}.Debug|Any CPU.ActiveCfg = Debug|Any CPU
		{5D3AB010-A9E5-4567-86ED-969C46502A07}.Debug|Any CPU.Build.0 = Debug|Any CPU
		{5D3AB010-A9E5-4567-86ED-969C46502A07}.Release|Any CPU.ActiveCfg = Release|Any CPU
		{5D3AB010-A9E5-4567-86ED-969C46502A07}.Release|Any CPU.Build.0 = Release|Any CPU
		{827C28D6-F0E0-430D-8B3B-4D2917063993}.Debug|Any CPU.ActiveCfg = Debug|Any CPU
		{827C28D6-F0E0-430D-8B3B-4D2917063993}.Debug|Any CPU.Build.0 = Debug|Any CPU
		{827C28D6-F0E0-430D-8B3B-4D2917063993}.Release|Any CPU.ActiveCfg = Release|Any CPU
		{827C28D6-F0E0-430D-8B3B-4D2917063993}.Release|Any CPU.Build.0 = Release|Any CPU
		{DA5F1867-3DB5-4846-A5D8-AB3A9D24FE40}.Debug|Any CPU.ActiveCfg = Debug|Any CPU
		{DA5F1867-3DB5-4846-A5D8-AB3A9D24FE40}.Debug|Any CPU.Build.0 = Debug|Any CPU
		{DA5F1867-3DB5-4846-A5D8-AB3A9D24FE40}.Release|Any CPU.ActiveCfg = Release|Any CPU
		{DA5F1867-3DB5-4846-A5D8-AB3A9D24FE40}.Release|Any CPU.Build.0 = Release|Any CPU
	EndGlobalSection
	GlobalSection(SolutionProperties) = preSolution
		HideSolutionNode = FALSE
	EndGlobalSection
	GlobalSection(ExtensibilityGlobals) = postSolution
		SolutionGuid = {0EAD794E-A0E9-4668-885C-26B301EF7641}
	EndGlobalSection
EndGlobal
